// !$*UTF8*$!
{
	archiveVersion = 1;
	classes = {
	};
	objectVersion = 50;
	objects = {

/* Begin PBXBuildFile section */
		3D1E97682644E9D200533500 /* CircleImage.swift in Sources */ = {isa = PBXBuildFile; fileRef = 3D1E97672644E9D200533500 /* CircleImage.swift */; };
		3D1E976A2644EB5D00533500 /* MapView.swift in Sources */ = {isa = PBXBuildFile; fileRef = 3D1E97692644EB5D00533500 /* MapView.swift */; };
		3D1E976D26460EA600533500 /* landmarkData.json in Resources */ = {isa = PBXBuildFile; fileRef = 3D1E976C26460EA600533500 /* landmarkData.json */; };
		3D1E976F26460EC700533500 /* Landmark.swift in Sources */ = {isa = PBXBuildFile; fileRef = 3D1E976E26460EC700533500 /* Landmark.swift */; };
		3D1E97712646129300533500 /* ModelData.swift in Sources */ = {isa = PBXBuildFile; fileRef = 3D1E97702646129300533500 /* ModelData.swift */; };
		3D1E9776264614FE00533500 /* LandmarkRow.swift in Sources */ = {isa = PBXBuildFile; fileRef = 3D1E9775264614FE00533500 /* LandmarkRow.swift */; };
		3D1E977826461C7600533500 /* LandmarkList.swift in Sources */ = {isa = PBXBuildFile; fileRef = 3D1E977726461C7600533500 /* LandmarkList.swift */; };
		3D1E977A26461DF900533500 /* LandmarkDetail.swift in Sources */ = {isa = PBXBuildFile; fileRef = 3D1E977926461DF900533500 /* LandmarkDetail.swift */; };
		3D1E977C26463C8E00533500 /* FavoriteButton.swift in Sources */ = {isa = PBXBuildFile; fileRef = 3D1E977B26463C8E00533500 /* FavoriteButton.swift */; };
		3D1E97802647724900533500 /* HexagonParameters.swift in Sources */ = {isa = PBXBuildFile; fileRef = 3D1E977F2647724900533500 /* HexagonParameters.swift */; };
		3D1E97822647738D00533500 /* BadgeBackground.swift in Sources */ = {isa = PBXBuildFile; fileRef = 3D1E97812647738D00533500 /* BadgeBackground.swift */; };
		3D1E978426478BCA00533500 /* BadgeSymbol.swift in Sources */ = {isa = PBXBuildFile; fileRef = 3D1E978326478BCA00533500 /* BadgeSymbol.swift */; };
		3D1E978626478C9600533500 /* RotatedBadgeSymbol.swift in Sources */ = {isa = PBXBuildFile; fileRef = 3D1E978526478C9600533500 /* RotatedBadgeSymbol.swift */; };
		3D1E978826478D1C00533500 /* Badge.swift in Sources */ = {isa = PBXBuildFile; fileRef = 3D1E978726478D1C00533500 /* Badge.swift */; };
		3D1E978B264792E500533500 /* hikeData.json in Resources */ = {isa = PBXBuildFile; fileRef = 3D1E978A264792E500533500 /* hikeData.json */; };
		3D1E978D264792FA00533500 /* Hike.swift in Sources */ = {isa = PBXBuildFile; fileRef = 3D1E978C264792FA00533500 /* Hike.swift */; };
		3D1E97932647979000533500 /* GraphCapsule.swift in Sources */ = {isa = PBXBuildFile; fileRef = 3D1E978F2647979000533500 /* GraphCapsule.swift */; };
		3D1E97942647979000533500 /* HikeGraph.swift in Sources */ = {isa = PBXBuildFile; fileRef = 3D1E97902647979000533500 /* HikeGraph.swift */; };
		3D1E97952647979000533500 /* HikeDetail.swift in Sources */ = {isa = PBXBuildFile; fileRef = 3D1E97912647979000533500 /* HikeDetail.swift */; };
		3D1E97962647979000533500 /* HikeView.swift in Sources */ = {isa = PBXBuildFile; fileRef = 3D1E97922647979000533500 /* HikeView.swift */; };
		3D3CDE692644BFA300794EC6 /* LandmarksApp.swift in Sources */ = {isa = PBXBuildFile; fileRef = 3D3CDE682644BFA300794EC6 /* LandmarksApp.swift */; };
		3D3CDE6B2644BFA300794EC6 /* ContentView.swift in Sources */ = {isa = PBXBuildFile; fileRef = 3D3CDE6A2644BFA300794EC6 /* ContentView.swift */; };
		3D3CDE6D2644BFA400794EC6 /* Assets.xcassets in Resources */ = {isa = PBXBuildFile; fileRef = 3D3CDE6C2644BFA400794EC6 /* Assets.xcassets */; };
		3D3CDE702644BFA400794EC6 /* Preview Assets.xcassets in Resources */ = {isa = PBXBuildFile; fileRef = 3D3CDE6F2644BFA400794EC6 /* Preview Assets.xcassets */; };
		3D3CDE7B2644BFA400794EC6 /* LandmarksTests.swift in Sources */ = {isa = PBXBuildFile; fileRef = 3D3CDE7A2644BFA400794EC6 /* LandmarksTests.swift */; };
		3D3CDE862644BFA500794EC6 /* LandmarksUITests.swift in Sources */ = {isa = PBXBuildFile; fileRef = 3D3CDE852644BFA500794EC6 /* LandmarksUITests.swift */; };
/* End PBXBuildFile section */

/* Begin PBXContainerItemProxy section */
		3D3CDE772644BFA400794EC6 /* PBXContainerItemProxy */ = {
			isa = PBXContainerItemProxy;
			containerPortal = 3D3CDE5D2644BFA300794EC6 /* Project object */;
			proxyType = 1;
			remoteGlobalIDString = 3D3CDE642644BFA300794EC6;
			remoteInfo = Landmarks;
		};
		3D3CDE822644BFA500794EC6 /* PBXContainerItemProxy */ = {
			isa = PBXContainerItemProxy;
			containerPortal = 3D3CDE5D2644BFA300794EC6 /* Project object */;
			proxyType = 1;
			remoteGlobalIDString = 3D3CDE642644BFA300794EC6;
			remoteInfo = Landmarks;
		};
/* End PBXContainerItemProxy section */

/* Begin PBXFileReference section */
		3D1E97672644E9D200533500 /* CircleImage.swift */ = {isa = PBXFileReference; lastKnownFileType = sourcecode.swift; path = CircleImage.swift; sourceTree = "<group>"; };
		3D1E97692644EB5D00533500 /* MapView.swift */ = {isa = PBXFileReference; lastKnownFileType = sourcecode.swift; path = MapView.swift; sourceTree = "<group>"; };
		3D1E976B2644F34F00533500 /* README.md */ = {isa = PBXFileReference; lastKnownFileType = net.daringfireball.markdown; path = README.md; sourceTree = "<group>"; };
		3D1E976C26460EA600533500 /* landmarkData.json */ = {isa = PBXFileReference; fileEncoding = 4; lastKnownFileType = text.json; path = landmarkData.json; sourceTree = "<group>"; };
		3D1E976E26460EC700533500 /* Landmark.swift */ = {isa = PBXFileReference; lastKnownFileType = sourcecode.swift; path = Landmark.swift; sourceTree = "<group>"; };
		3D1E97702646129300533500 /* ModelData.swift */ = {isa = PBXFileReference; lastKnownFileType = sourcecode.swift; path = ModelData.swift; sourceTree = "<group>"; };
		3D1E9775264614FE00533500 /* LandmarkRow.swift */ = {isa = PBXFileReference; lastKnownFileType = sourcecode.swift; path = LandmarkRow.swift; sourceTree = "<group>"; };
		3D1E977726461C7600533500 /* LandmarkList.swift */ = {isa = PBXFileReference; lastKnownFileType = sourcecode.swift; path = LandmarkList.swift; sourceTree = "<group>"; };
		3D1E977926461DF900533500 /* LandmarkDetail.swift */ = {isa = PBXFileReference; lastKnownFileType = sourcecode.swift; path = LandmarkDetail.swift; sourceTree = "<group>"; };
		3D1E977B26463C8E00533500 /* FavoriteButton.swift */ = {isa = PBXFileReference; lastKnownFileType = sourcecode.swift; path = FavoriteButton.swift; sourceTree = "<group>"; };
		3D1E977F2647724900533500 /* HexagonParameters.swift */ = {isa = PBXFileReference; lastKnownFileType = sourcecode.swift; path = HexagonParameters.swift; sourceTree = "<group>"; };
		3D1E97812647738D00533500 /* BadgeBackground.swift */ = {isa = PBXFileReference; lastKnownFileType = sourcecode.swift; path = BadgeBackground.swift; sourceTree = "<group>"; };
		3D1E978326478BCA00533500 /* BadgeSymbol.swift */ = {isa = PBXFileReference; lastKnownFileType = sourcecode.swift; path = BadgeSymbol.swift; sourceTree = "<group>"; };
		3D1E978526478C9600533500 /* RotatedBadgeSymbol.swift */ = {isa = PBXFileReference; lastKnownFileType = sourcecode.swift; path = RotatedBadgeSymbol.swift; sourceTree = "<group>"; };
		3D1E978726478D1C00533500 /* Badge.swift */ = {isa = PBXFileReference; lastKnownFileType = sourcecode.swift; path = Badge.swift; sourceTree = "<group>"; };
		3D1E978A264792E500533500 /* hikeData.json */ = {isa = PBXFileReference; fileEncoding = 4; lastKnownFileType = text.json; path = hikeData.json; sourceTree = "<group>"; };
		3D1E978C264792FA00533500 /* Hike.swift */ = {isa = PBXFileReference; lastKnownFileType = sourcecode.swift; path = Hike.swift; sourceTree = "<group>"; };
		3D1E978F2647979000533500 /* GraphCapsule.swift */ = {isa = PBXFileReference; fileEncoding = 4; lastKnownFileType = sourcecode.swift; path = GraphCapsule.swift; sourceTree = "<group>"; };
		3D1E97902647979000533500 /* HikeGraph.swift */ = {isa = PBXFileReference; fileEncoding = 4; lastKnownFileType = sourcecode.swift; path = HikeGraph.swift; sourceTree = "<group>"; };
		3D1E97912647979000533500 /* HikeDetail.swift */ = {isa = PBXFileReference; fileEncoding = 4; lastKnownFileType = sourcecode.swift; path = HikeDetail.swift; sourceTree = "<group>"; };
		3D1E97922647979000533500 /* HikeView.swift */ = {isa = PBXFileReference; fileEncoding = 4; lastKnownFileType = sourcecode.swift; path = HikeView.swift; sourceTree = "<group>"; };
		3D3CDE652644BFA300794EC6 /* Landmarks.app */ = {isa = PBXFileReference; explicitFileType = wrapper.application; includeInIndex = 0; path = Landmarks.app; sourceTree = BUILT_PRODUCTS_DIR; };
		3D3CDE682644BFA300794EC6 /* LandmarksApp.swift */ = {isa = PBXFileReference; lastKnownFileType = sourcecode.swift; path = LandmarksApp.swift; sourceTree = "<group>"; };
		3D3CDE6A2644BFA300794EC6 /* ContentView.swift */ = {isa = PBXFileReference; lastKnownFileType = sourcecode.swift; path = ContentView.swift; sourceTree = "<group>"; };
		3D3CDE6C2644BFA400794EC6 /* Assets.xcassets */ = {isa = PBXFileReference; lastKnownFileType = folder.assetcatalog; path = Assets.xcassets; sourceTree = "<group>"; };
		3D3CDE6F2644BFA400794EC6 /* Preview Assets.xcassets */ = {isa = PBXFileReference; lastKnownFileType = folder.assetcatalog; path = "Preview Assets.xcassets"; sourceTree = "<group>"; };
		3D3CDE712644BFA400794EC6 /* Info.plist */ = {isa = PBXFileReference; lastKnownFileType = text.plist.xml; path = Info.plist; sourceTree = "<group>"; };
		3D3CDE762644BFA400794EC6 /* LandmarksTests.xctest */ = {isa = PBXFileReference; explicitFileType = wrapper.cfbundle; includeInIndex = 0; path = LandmarksTests.xctest; sourceTree = BUILT_PRODUCTS_DIR; };
		3D3CDE7A2644BFA400794EC6 /* LandmarksTests.swift */ = {isa = PBXFileReference; lastKnownFileType = sourcecode.swift; path = LandmarksTests.swift; sourceTree = "<group>"; };
		3D3CDE7C2644BFA500794EC6 /* Info.plist */ = {isa = PBXFileReference; lastKnownFileType = text.plist.xml; path = Info.plist; sourceTree = "<group>"; };
		3D3CDE812644BFA500794EC6 /* LandmarksUITests.xctest */ = {isa = PBXFileReference; explicitFileType = wrapper.cfbundle; includeInIndex = 0; path = LandmarksUITests.xctest; sourceTree = BUILT_PRODUCTS_DIR; };
		3D3CDE852644BFA500794EC6 /* LandmarksUITests.swift */ = {isa = PBXFileReference; lastKnownFileType = sourcecode.swift; path = LandmarksUITests.swift; sourceTree = "<group>"; };
		3D3CDE872644BFA500794EC6 /* Info.plist */ = {isa = PBXFileReference; lastKnownFileType = text.plist.xml; path = Info.plist; sourceTree = "<group>"; };
/* End PBXFileReference section */

/* Begin PBXFrameworksBuildPhase section */
		3D3CDE622644BFA300794EC6 /* Frameworks */ = {
			isa = PBXFrameworksBuildPhase;
			buildActionMask = 2147483647;
			files = (
			);
			runOnlyForDeploymentPostprocessing = 0;
		};
		3D3CDE732644BFA400794EC6 /* Frameworks */ = {
			isa = PBXFrameworksBuildPhase;
			buildActionMask = 2147483647;
			files = (
			);
			runOnlyForDeploymentPostprocessing = 0;
		};
		3D3CDE7E2644BFA500794EC6 /* Frameworks */ = {
			isa = PBXFrameworksBuildPhase;
			buildActionMask = 2147483647;
			files = (
			);
			runOnlyForDeploymentPostprocessing = 0;
		};
/* End PBXFrameworksBuildPhase section */

/* Begin PBXGroup section */
		3D1E9772264613F500533500 /* Views */ = {
			isa = PBXGroup;
			children = (
				3D1E978E2647979000533500 /* Hikes */,
				3D1E977E26463D2100533500 /* Helpers */,
				3D1E977D26463D1800533500 /* Landmarks */,
				3D3CDE6A2644BFA300794EC6 /* ContentView.swift */,
				3D1E977F2647724900533500 /* HexagonParameters.swift */,
				3D1E978926478E6000533500 /* Badges */,
			);
			path = Views;
			sourceTree = "<group>";
		};
		3D1E97732646140500533500 /* Model */ = {
			isa = PBXGroup;
			children = (
				3D1E97702646129300533500 /* ModelData.swift */,
				3D1E976E26460EC700533500 /* Landmark.swift */,
				3D1E978C264792FA00533500 /* Hike.swift */,
			);
			path = Model;
			sourceTree = "<group>";
		};
		3D1E97742646140E00533500 /* Resources */ = {
			isa = PBXGroup;
			children = (
				3D1E976C26460EA600533500 /* landmarkData.json */,
				3D1E978A264792E500533500 /* hikeData.json */,
			);
			path = Resources;
			sourceTree = "<group>";
		};
		3D1E977D26463D1800533500 /* Landmarks */ = {
			isa = PBXGroup;
			children = (
				3D1E9775264614FE00533500 /* LandmarkRow.swift */,
				3D1E977726461C7600533500 /* LandmarkList.swift */,
				3D1E977926461DF900533500 /* LandmarkDetail.swift */,
			);
			path = Landmarks;
			sourceTree = "<group>";
		};
		3D1E977E26463D2100533500 /* Helpers */ = {
			isa = PBXGroup;
			children = (
				3D1E97692644EB5D00533500 /* MapView.swift */,
				3D1E97672644E9D200533500 /* CircleImage.swift */,
				3D1E977B26463C8E00533500 /* FavoriteButton.swift */,
			);
			path = Helpers;
			sourceTree = "<group>";
		};
		3D1E978926478E6000533500 /* Badges */ = {
			isa = PBXGroup;
			children = (
				3D1E97812647738D00533500 /* BadgeBackground.swift */,
				3D1E978326478BCA00533500 /* BadgeSymbol.swift */,
				3D1E978526478C9600533500 /* RotatedBadgeSymbol.swift */,
				3D1E978726478D1C00533500 /* Badge.swift */,
			);
			path = Badges;
			sourceTree = "<group>";
		};
		3D1E978E2647979000533500 /* Hikes */ = {
			isa = PBXGroup;
			children = (
				3D1E978F2647979000533500 /* GraphCapsule.swift */,
				3D1E97902647979000533500 /* HikeGraph.swift */,
				3D1E97912647979000533500 /* HikeDetail.swift */,
				3D1E97922647979000533500 /* HikeView.swift */,
			);
			path = Hikes;
			sourceTree = "<group>";
		};
		3D3CDE5C2644BFA300794EC6 = {
			isa = PBXGroup;
			children = (
				3D1E976B2644F34F00533500 /* README.md */,
				3D3CDE672644BFA300794EC6 /* Landmarks */,
				3D3CDE792644BFA400794EC6 /* LandmarksTests */,
				3D3CDE842644BFA500794EC6 /* LandmarksUITests */,
				3D3CDE662644BFA300794EC6 /* Products */,
			);
			sourceTree = "<group>";
		};
		3D3CDE662644BFA300794EC6 /* Products */ = {
			isa = PBXGroup;
			children = (
				3D3CDE652644BFA300794EC6 /* Landmarks.app */,
				3D3CDE762644BFA400794EC6 /* LandmarksTests.xctest */,
				3D3CDE812644BFA500794EC6 /* LandmarksUITests.xctest */,
			);
			name = Products;
			sourceTree = "<group>";
		};
		3D3CDE672644BFA300794EC6 /* Landmarks */ = {
			isa = PBXGroup;
			children = (
				3D1E97742646140E00533500 /* Resources */,
				3D1E97732646140500533500 /* Model */,
				3D1E9772264613F500533500 /* Views */,
				3D3CDE682644BFA300794EC6 /* LandmarksApp.swift */,
				3D3CDE6C2644BFA400794EC6 /* Assets.xcassets */,
				3D3CDE712644BFA400794EC6 /* Info.plist */,
				3D3CDE6E2644BFA400794EC6 /* Preview Content */,
			);
			path = Landmarks;
			sourceTree = "<group>";
		};
		3D3CDE6E2644BFA400794EC6 /* Preview Content */ = {
			isa = PBXGroup;
			children = (
				3D3CDE6F2644BFA400794EC6 /* Preview Assets.xcassets */,
			);
			path = "Preview Content";
			sourceTree = "<group>";
		};
		3D3CDE792644BFA400794EC6 /* LandmarksTests */ = {
			isa = PBXGroup;
			children = (
				3D3CDE7A2644BFA400794EC6 /* LandmarksTests.swift */,
				3D3CDE7C2644BFA500794EC6 /* Info.plist */,
			);
			path = LandmarksTests;
			sourceTree = "<group>";
		};
		3D3CDE842644BFA500794EC6 /* LandmarksUITests */ = {
			isa = PBXGroup;
			children = (
				3D3CDE852644BFA500794EC6 /* LandmarksUITests.swift */,
				3D3CDE872644BFA500794EC6 /* Info.plist */,
			);
			path = LandmarksUITests;
			sourceTree = "<group>";
		};
/* End PBXGroup section */

/* Begin PBXNativeTarget section */
		3D3CDE642644BFA300794EC6 /* Landmarks */ = {
			isa = PBXNativeTarget;
			buildConfigurationList = 3D3CDE8A2644BFA500794EC6 /* Build configuration list for PBXNativeTarget "Landmarks" */;
			buildPhases = (
				3D3CDE612644BFA300794EC6 /* Sources */,
				3D3CDE622644BFA300794EC6 /* Frameworks */,
				3D3CDE632644BFA300794EC6 /* Resources */,
			);
			buildRules = (
			);
			dependencies = (
			);
			name = Landmarks;
			productName = Landmarks;
			productReference = 3D3CDE652644BFA300794EC6 /* Landmarks.app */;
			productType = "com.apple.product-type.application";
		};
		3D3CDE752644BFA400794EC6 /* LandmarksTests */ = {
			isa = PBXNativeTarget;
			buildConfigurationList = 3D3CDE8D2644BFA500794EC6 /* Build configuration list for PBXNativeTarget "LandmarksTests" */;
			buildPhases = (
				3D3CDE722644BFA400794EC6 /* Sources */,
				3D3CDE732644BFA400794EC6 /* Frameworks */,
				3D3CDE742644BFA400794EC6 /* Resources */,
			);
			buildRules = (
			);
			dependencies = (
				3D3CDE782644BFA400794EC6 /* PBXTargetDependency */,
			);
			name = LandmarksTests;
			productName = LandmarksTests;
			productReference = 3D3CDE762644BFA400794EC6 /* LandmarksTests.xctest */;
			productType = "com.apple.product-type.bundle.unit-test";
		};
		3D3CDE802644BFA500794EC6 /* LandmarksUITests */ = {
			isa = PBXNativeTarget;
			buildConfigurationList = 3D3CDE902644BFA500794EC6 /* Build configuration list for PBXNativeTarget "LandmarksUITests" */;
			buildPhases = (
				3D3CDE7D2644BFA500794EC6 /* Sources */,
				3D3CDE7E2644BFA500794EC6 /* Frameworks */,
				3D3CDE7F2644BFA500794EC6 /* Resources */,
			);
			buildRules = (
			);
			dependencies = (
				3D3CDE832644BFA500794EC6 /* PBXTargetDependency */,
			);
			name = LandmarksUITests;
			productName = LandmarksUITests;
			productReference = 3D3CDE812644BFA500794EC6 /* LandmarksUITests.xctest */;
			productType = "com.apple.product-type.bundle.ui-testing";
		};
/* End PBXNativeTarget section */

/* Begin PBXProject section */
		3D3CDE5D2644BFA300794EC6 /* Project object */ = {
			isa = PBXProject;
			attributes = {
				LastSwiftUpdateCheck = 1220;
				LastUpgradeCheck = 1220;
				TargetAttributes = {
					3D3CDE642644BFA300794EC6 = {
						CreatedOnToolsVersion = 12.2;
					};
					3D3CDE752644BFA400794EC6 = {
						CreatedOnToolsVersion = 12.2;
						TestTargetID = 3D3CDE642644BFA300794EC6;
					};
					3D3CDE802644BFA500794EC6 = {
						CreatedOnToolsVersion = 12.2;
						TestTargetID = 3D3CDE642644BFA300794EC6;
					};
				};
			};
			buildConfigurationList = 3D3CDE602644BFA300794EC6 /* Build configuration list for PBXProject "Landmarks" */;
			compatibilityVersion = "Xcode 9.3";
			developmentRegion = en;
			hasScannedForEncodings = 0;
			knownRegions = (
				en,
				Base,
			);
			mainGroup = 3D3CDE5C2644BFA300794EC6;
			productRefGroup = 3D3CDE662644BFA300794EC6 /* Products */;
			projectDirPath = "";
			projectRoot = "";
			targets = (
				3D3CDE642644BFA300794EC6 /* Landmarks */,
				3D3CDE752644BFA400794EC6 /* LandmarksTests */,
				3D3CDE802644BFA500794EC6 /* LandmarksUITests */,
			);
		};
/* End PBXProject section */

/* Begin PBXResourcesBuildPhase section */
		3D3CDE632644BFA300794EC6 /* Resources */ = {
			isa = PBXResourcesBuildPhase;
			buildActionMask = 2147483647;
			files = (
				3D1E978B264792E500533500 /* hikeData.json in Resources */,
				3D3CDE702644BFA400794EC6 /* Preview Assets.xcassets in Resources */,
				3D3CDE6D2644BFA400794EC6 /* Assets.xcassets in Resources */,
				3D1E976D26460EA600533500 /* landmarkData.json in Resources */,
			);
			runOnlyForDeploymentPostprocessing = 0;
		};
		3D3CDE742644BFA400794EC6 /* Resources */ = {
			isa = PBXResourcesBuildPhase;
			buildActionMask = 2147483647;
			files = (
			);
			runOnlyForDeploymentPostprocessing = 0;
		};
		3D3CDE7F2644BFA500794EC6 /* Resources */ = {
			isa = PBXResourcesBuildPhase;
			buildActionMask = 2147483647;
			files = (
			);
			runOnlyForDeploymentPostprocessing = 0;
		};
/* End PBXResourcesBuildPhase section */

/* Begin PBXSourcesBuildPhase section */
		3D3CDE612644BFA300794EC6 /* Sources */ = {
			isa = PBXSourcesBuildPhase;
			buildActionMask = 2147483647;
			files = (
				3D3CDE6B2644BFA300794EC6 /* ContentView.swift in Sources */,
				3D1E97942647979000533500 /* HikeGraph.swift in Sources */,
				3D1E978826478D1C00533500 /* Badge.swift in Sources */,
				3D1E9776264614FE00533500 /* LandmarkRow.swift in Sources */,
				3D1E97932647979000533500 /* GraphCapsule.swift in Sources */,
				3D1E976A2644EB5D00533500 /* MapView.swift in Sources */,
				3D1E977C26463C8E00533500 /* FavoriteButton.swift in Sources */,
				3D1E97952647979000533500 /* HikeDetail.swift in Sources */,
				3D1E97802647724900533500 /* HexagonParameters.swift in Sources */,
				3D1E978D264792FA00533500 /* Hike.swift in Sources */,
				3D1E978626478C9600533500 /* RotatedBadgeSymbol.swift in Sources */,
				3D1E978426478BCA00533500 /* BadgeSymbol.swift in Sources */,
				3D1E977826461C7600533500 /* LandmarkList.swift in Sources */,
				3D1E97962647979000533500 /* HikeView.swift in Sources */,
				3D1E977A26461DF900533500 /* LandmarkDetail.swift in Sources */,
				3D1E97822647738D00533500 /* BadgeBackground.swift in Sources */,
				3D3CDE692644BFA300794EC6 /* LandmarksApp.swift in Sources */,
				3D1E97682644E9D200533500 /* CircleImage.swift in Sources */,
				3D1E976F26460EC700533500 /* Landmark.swift in Sources */,
				3D1E97712646129300533500 /* ModelData.swift in Sources */,
			);
			runOnlyForDeploymentPostprocessing = 0;
		};
		3D3CDE722644BFA400794EC6 /* Sources */ = {
			isa = PBXSourcesBuildPhase;
			buildActionMask = 2147483647;
			files = (
				3D3CDE7B2644BFA400794EC6 /* LandmarksTests.swift in Sources */,
			);
			runOnlyForDeploymentPostprocessing = 0;
		};
		3D3CDE7D2644BFA500794EC6 /* Sources */ = {
			isa = PBXSourcesBuildPhase;
			buildActionMask = 2147483647;
			files = (
				3D3CDE862644BFA500794EC6 /* LandmarksUITests.swift in Sources */,
			);
			runOnlyForDeploymentPostprocessing = 0;
		};
/* End PBXSourcesBuildPhase section */

/* Begin PBXTargetDependency section */
		3D3CDE782644BFA400794EC6 /* PBXTargetDependency */ = {
			isa = PBXTargetDependency;
			target = 3D3CDE642644BFA300794EC6 /* Landmarks */;
			targetProxy = 3D3CDE772644BFA400794EC6 /* PBXContainerItemProxy */;
		};
		3D3CDE832644BFA500794EC6 /* PBXTargetDependency */ = {
			isa = PBXTargetDependency;
			target = 3D3CDE642644BFA300794EC6 /* Landmarks */;
			targetProxy = 3D3CDE822644BFA500794EC6 /* PBXContainerItemProxy */;
		};
/* End PBXTargetDependency section */

/* Begin XCBuildConfiguration section */
		3D3CDE882644BFA500794EC6 /* Debug */ = {
			isa = XCBuildConfiguration;
			buildSettings = {
				ALWAYS_SEARCH_USER_PATHS = NO;
				CLANG_ANALYZER_NONNULL = YES;
				CLANG_ANALYZER_NUMBER_OBJECT_CONVERSION = YES_AGGRESSIVE;
				CLANG_CXX_LANGUAGE_STANDARD = "gnu++14";
				CLANG_CXX_LIBRARY = "libc++";
				CLANG_ENABLE_MODULES = YES;
				CLANG_ENABLE_OBJC_ARC = YES;
				CLANG_ENABLE_OBJC_WEAK = YES;
				CLANG_WARN_BLOCK_CAPTURE_AUTORELEASING = YES;
				CLANG_WARN_BOOL_CONVERSION = YES;
				CLANG_WARN_COMMA = YES;
				CLANG_WARN_CONSTANT_CONVERSION = YES;
				CLANG_WARN_DEPRECATED_OBJC_IMPLEMENTATIONS = YES;
				CLANG_WARN_DIRECT_OBJC_ISA_USAGE = YES_ERROR;
				CLANG_WARN_DOCUMENTATION_COMMENTS = YES;
				CLANG_WARN_EMPTY_BODY = YES;
				CLANG_WARN_ENUM_CONVERSION = YES;
				CLANG_WARN_INFINITE_RECURSION = YES;
				CLANG_WARN_INT_CONVERSION = YES;
				CLANG_WARN_NON_LITERAL_NULL_CONVERSION = YES;
				CLANG_WARN_OBJC_IMPLICIT_RETAIN_SELF = YES;
				CLANG_WARN_OBJC_LITERAL_CONVERSION = YES;
				CLANG_WARN_OBJC_ROOT_CLASS = YES_ERROR;
				CLANG_WARN_QUOTED_INCLUDE_IN_FRAMEWORK_HEADER = YES;
				CLANG_WARN_RANGE_LOOP_ANALYSIS = YES;
				CLANG_WARN_STRICT_PROTOTYPES = YES;
				CLANG_WARN_SUSPICIOUS_MOVE = YES;
				CLANG_WARN_UNGUARDED_AVAILABILITY = YES_AGGRESSIVE;
				CLANG_WARN_UNREACHABLE_CODE = YES;
				CLANG_WARN__DUPLICATE_METHOD_MATCH = YES;
				COPY_PHASE_STRIP = NO;
				DEBUG_INFORMATION_FORMAT = dwarf;
				ENABLE_STRICT_OBJC_MSGSEND = YES;
				ENABLE_TESTABILITY = YES;
				GCC_C_LANGUAGE_STANDARD = gnu11;
				GCC_DYNAMIC_NO_PIC = NO;
				GCC_NO_COMMON_BLOCKS = YES;
				GCC_OPTIMIZATION_LEVEL = 0;
				GCC_PREPROCESSOR_DEFINITIONS = (
					"DEBUG=1",
					"$(inherited)",
				);
				GCC_WARN_64_TO_32_BIT_CONVERSION = YES;
				GCC_WARN_ABOUT_RETURN_TYPE = YES_ERROR;
				GCC_WARN_UNDECLARED_SELECTOR = YES;
				GCC_WARN_UNINITIALIZED_AUTOS = YES_AGGRESSIVE;
				GCC_WARN_UNUSED_FUNCTION = YES;
				GCC_WARN_UNUSED_VARIABLE = YES;
				IPHONEOS_DEPLOYMENT_TARGET = 14.2;
				MTL_ENABLE_DEBUG_INFO = INCLUDE_SOURCE;
				MTL_FAST_MATH = YES;
				ONLY_ACTIVE_ARCH = YES;
				SDKROOT = iphoneos;
				SWIFT_ACTIVE_COMPILATION_CONDITIONS = DEBUG;
				SWIFT_OPTIMIZATION_LEVEL = "-Onone";
			};
			name = Debug;
		};
		3D3CDE892644BFA500794EC6 /* Release */ = {
			isa = XCBuildConfiguration;
			buildSettings = {
				ALWAYS_SEARCH_USER_PATHS = NO;
				CLANG_ANALYZER_NONNULL = YES;
				CLANG_ANALYZER_NUMBER_OBJECT_CONVERSION = YES_AGGRESSIVE;
				CLANG_CXX_LANGUAGE_STANDARD = "gnu++14";
				CLANG_CXX_LIBRARY = "libc++";
				CLANG_ENABLE_MODULES = YES;
				CLANG_ENABLE_OBJC_ARC = YES;
				CLANG_ENABLE_OBJC_WEAK = YES;
				CLANG_WARN_BLOCK_CAPTURE_AUTORELEASING = YES;
				CLANG_WARN_BOOL_CONVERSION = YES;
				CLANG_WARN_COMMA = YES;
				CLANG_WARN_CONSTANT_CONVERSION = YES;
				CLANG_WARN_DEPRECATED_OBJC_IMPLEMENTATIONS = YES;
				CLANG_WARN_DIRECT_OBJC_ISA_USAGE = YES_ERROR;
				CLANG_WARN_DOCUMENTATION_COMMENTS = YES;
				CLANG_WARN_EMPTY_BODY = YES;
				CLANG_WARN_ENUM_CONVERSION = YES;
				CLANG_WARN_INFINITE_RECURSION = YES;
				CLANG_WARN_INT_CONVERSION = YES;
				CLANG_WARN_NON_LITERAL_NULL_CONVERSION = YES;
				CLANG_WARN_OBJC_IMPLICIT_RETAIN_SELF = YES;
				CLANG_WARN_OBJC_LITERAL_CONVERSION = YES;
				CLANG_WARN_OBJC_ROOT_CLASS = YES_ERROR;
				CLANG_WARN_QUOTED_INCLUDE_IN_FRAMEWORK_HEADER = YES;
				CLANG_WARN_RANGE_LOOP_ANALYSIS = YES;
				CLANG_WARN_STRICT_PROTOTYPES = YES;
				CLANG_WARN_SUSPICIOUS_MOVE = YES;
				CLANG_WARN_UNGUARDED_AVAILABILITY = YES_AGGRESSIVE;
				CLANG_WARN_UNREACHABLE_CODE = YES;
				CLANG_WARN__DUPLICATE_METHOD_MATCH = YES;
				COPY_PHASE_STRIP = NO;
				DEBUG_INFORMATION_FORMAT = "dwarf-with-dsym";
				ENABLE_NS_ASSERTIONS = NO;
				ENABLE_STRICT_OBJC_MSGSEND = YES;
				GCC_C_LANGUAGE_STANDARD = gnu11;
				GCC_NO_COMMON_BLOCKS = YES;
				GCC_WARN_64_TO_32_BIT_CONVERSION = YES;
				GCC_WARN_ABOUT_RETURN_TYPE = YES_ERROR;
				GCC_WARN_UNDECLARED_SELECTOR = YES;
				GCC_WARN_UNINITIALIZED_AUTOS = YES_AGGRESSIVE;
				GCC_WARN_UNUSED_FUNCTION = YES;
				GCC_WARN_UNUSED_VARIABLE = YES;
				IPHONEOS_DEPLOYMENT_TARGET = 14.2;
				MTL_ENABLE_DEBUG_INFO = NO;
				MTL_FAST_MATH = YES;
				SDKROOT = iphoneos;
				SWIFT_COMPILATION_MODE = wholemodule;
				SWIFT_OPTIMIZATION_LEVEL = "-O";
				VALIDATE_PRODUCT = YES;
			};
			name = Release;
		};
		3D3CDE8B2644BFA500794EC6 /* Debug */ = {
			isa = XCBuildConfiguration;
			buildSettings = {
				ASSETCATALOG_COMPILER_APPICON_NAME = AppIcon;
				ASSETCATALOG_COMPILER_GLOBAL_ACCENT_COLOR_NAME = AccentColor;
				CODE_SIGN_STYLE = Automatic;
				DEVELOPMENT_ASSET_PATHS = "\"Landmarks/Preview Content\"";
				ENABLE_PREVIEWS = YES;
				INFOPLIST_FILE = Landmarks/Info.plist;
				IPHONEOS_DEPLOYMENT_TARGET = 14.0;
				LD_RUNPATH_SEARCH_PATHS = (
					"$(inherited)",
					"@executable_path/Frameworks",
				);
				PRODUCT_BUNDLE_IDENTIFIER = com.bogart.Landmarks;
				PRODUCT_NAME = "$(TARGET_NAME)";
				SWIFT_VERSION = 5.0;
				TARGETED_DEVICE_FAMILY = "1,2";
			};
			name = Debug;
		};
		3D3CDE8C2644BFA500794EC6 /* Release */ = {
			isa = XCBuildConfiguration;
			buildSettings = {
				ASSETCATALOG_COMPILER_APPICON_NAME = AppIcon;
				ASSETCATALOG_COMPILER_GLOBAL_ACCENT_COLOR_NAME = AccentColor;
				CODE_SIGN_STYLE = Automatic;
				DEVELOPMENT_ASSET_PATHS = "\"Landmarks/Preview Content\"";
				ENABLE_PREVIEWS = YES;
				INFOPLIST_FILE = Landmarks/Info.plist;
				IPHONEOS_DEPLOYMENT_TARGET = 14.0;
				LD_RUNPATH_SEARCH_PATHS = (
					"$(inherited)",
					"@executable_path/Frameworks",
				);
				PRODUCT_BUNDLE_IDENTIFIER = com.bogart.Landmarks;
				PRODUCT_NAME = "$(TARGET_NAME)";
				SWIFT_VERSION = 5.0;
				TARGETED_DEVICE_FAMILY = "1,2";
			};
			name = Release;
		};
		3D3CDE8E2644BFA500794EC6 /* Debug */ = {
			isa = XCBuildConfiguration;
			buildSettings = {
				ALWAYS_EMBED_SWIFT_STANDARD_LIBRARIES = YES;
				BUNDLE_LOADER = "$(TEST_HOST)";
				CODE_SIGN_STYLE = Automatic;
				INFOPLIST_FILE = LandmarksTests/Info.plist;
				IPHONEOS_DEPLOYMENT_TARGET = 14.0;
				LD_RUNPATH_SEARCH_PATHS = (
					"$(inherited)",
					"@executable_path/Frameworks",
					"@loader_path/Frameworks",
				);
				PRODUCT_BUNDLE_IDENTIFIER = com.bogart.LandmarksTests;
				PRODUCT_NAME = "$(TARGET_NAME)";
				SWIFT_VERSION = 5.0;
				TARGETED_DEVICE_FAMILY = "1,2";
				TEST_HOST = "$(BUILT_PRODUCTS_DIR)/Landmarks.app/Landmarks";
			};
			name = Debug;
		};
		3D3CDE8F2644BFA500794EC6 /* Release */ = {
			isa = XCBuildConfiguration;
			buildSettings = {
				ALWAYS_EMBED_SWIFT_STANDARD_LIBRARIES = YES;
				BUNDLE_LOADER = "$(TEST_HOST)";
				CODE_SIGN_STYLE = Automatic;
				INFOPLIST_FILE = LandmarksTests/Info.plist;
				IPHONEOS_DEPLOYMENT_TARGET = 14.0;
				LD_RUNPATH_SEARCH_PATHS = (
					"$(inherited)",
					"@executable_path/Frameworks",
					"@loader_path/Frameworks",
				);
				PRODUCT_BUNDLE_IDENTIFIER = com.bogart.LandmarksTests;
				PRODUCT_NAME = "$(TARGET_NAME)";
				SWIFT_VERSION = 5.0;
				TARGETED_DEVICE_FAMILY = "1,2";
				TEST_HOST = "$(BUILT_PRODUCTS_DIR)/Landmarks.app/Landmarks";
			};
			name = Release;
		};
		3D3CDE912644BFA500794EC6 /* Debug */ = {
			isa = XCBuildConfiguration;
			buildSettings = {
				ALWAYS_EMBED_SWIFT_STANDARD_LIBRARIES = YES;
				CODE_SIGN_STYLE = Automatic;
				INFOPLIST_FILE = LandmarksUITests/Info.plist;
				LD_RUNPATH_SEARCH_PATHS = (
					"$(inherited)",
					"@executable_path/Frameworks",
					"@loader_path/Frameworks",
				);
				PRODUCT_BUNDLE_IDENTIFIER = com.bogart.LandmarksUITests;
				PRODUCT_NAME = "$(TARGET_NAME)";
				SWIFT_VERSION = 5.0;
				TARGETED_DEVICE_FAMILY = "1,2";
				TEST_TARGET_NAME = Landmarks;
			};
			name = Debug;
		};
		3D3CDE922644BFA500794EC6 /* Release */ = {
			isa = XCBuildConfiguration;
			buildSettings = {
				ALWAYS_EMBED_SWIFT_STANDARD_LIBRARIES = YES;
				CODE_SIGN_STYLE = Automatic;
				INFOPLIST_FILE = LandmarksUITests/Info.plist;
				LD_RUNPATH_SEARCH_PATHS = (
					"$(inherited)",
					"@executable_path/Frameworks",
					"@loader_path/Frameworks",
				);
				PRODUCT_BUNDLE_IDENTIFIER = com.bogart.LandmarksUITests;
				PRODUCT_NAME = "$(TARGET_NAME)";
				SWIFT_VERSION = 5.0;
				TARGETED_DEVICE_FAMILY = "1,2";
				TEST_TARGET_NAME = Landmarks;
			};
			name = Release;
		};
/* End XCBuildConfiguration section */

/* Begin XCConfigurationList section */
		3D3CDE602644BFA300794EC6 /* Build configuration list for PBXProject "Landmarks" */ = {
			isa = XCConfigurationList;
			buildConfigurations = (
				3D3CDE882644BFA500794EC6 /* Debug */,
				3D3CDE892644BFA500794EC6 /* Release */,
			);
			defaultConfigurationIsVisible = 0;
			defaultConfigurationName = Release;
		};
		3D3CDE8A2644BFA500794EC6 /* Build configuration list for PBXNativeTarget "Landmarks" */ = {
			isa = XCConfigurationList;
			buildConfigurations = (
				3D3CDE8B2644BFA500794EC6 /* Debug */,
				3D3CDE8C2644BFA500794EC6 /* Release */,
			);
			defaultConfigurationIsVisible = 0;
			defaultConfigurationName = Release;
		};
		3D3CDE8D2644BFA500794EC6 /* Build configuration list for PBXNativeTarget "LandmarksTests" */ = {
			isa = XCConfigurationList;
			buildConfigurations = (
				3D3CDE8E2644BFA500794EC6 /* Debug */,
				3D3CDE8F2644BFA500794EC6 /* Release */,
			);
			defaultConfigurationIsVisible = 0;
			defaultConfigurationName = Release;
		};
		3D3CDE902644BFA500794EC6 /* Build configuration list for PBXNativeTarget "LandmarksUITests" */ = {
			isa = XCConfigurationList;
			buildConfigurations = (
				3D3CDE912644BFA500794EC6 /* Debug */,
				3D3CDE922644BFA500794EC6 /* Release */,
			);
			defaultConfigurationIsVisible = 0;
			defaultConfigurationName = Release;
		};
/* End XCConfigurationList section */
	};
	rootObject = 3D3CDE5D2644BFA300794EC6 /* Project object */;
}
